
Microsoft Visual Studio Solution File, Format Version 12.00
Project("{FAE04EC0-301F-11D3-BF4B-00C04F79EFBC}") = "IIS_SERVER", "IIS_SERVER\IIS_SERVER.csproj", "{20267A0E-AFEA-4148-BBD5-3F59B8C3ACCF}"
EndProject
Global
	GlobalSection(SolutionConfigurationPlatforms) = preSolution
		Debug|Any CPU = Debug|Any CPU
		Release|Any CPU = Release|Any CPU
	EndGlobalSection
	GlobalSection(ProjectConfigurationPlatforms) = postSolution
		{20267A0E-AFEA-4148-BBD5-3F59B8C3ACCF}.Debug|Any CPU.ActiveCfg = Debug|Any CPU
		{20267A0E-AFEA-4148-BBD5-3F59B8C3ACCF}.Debug|Any CPU.Build.0 = Debug|Any CPU
		{20267A0E-AFEA-4148-BBD5-3F59B8C3ACCF}.Release|Any CPU.ActiveCfg = Release|Any CPU
		{20267A0E-AFEA-4148-BBD5-3F59B8C3ACCF}.Release|Any CPU.Build.0 = Release|Any CPU
	EndGlobalSection
EndGlobal
